
Microsoft Visual Studio Solution File, Format Version 12.00
# Visual Studio Version 17
VisualStudioVersion = 17.0.31808.319
MinimumVisualStudioVersion = 10.0.40219.1
Project("{9A19103F-16F7-4668-BE54-9A1E7A4F7556}") = "Uptick", "Uptick.csproj", "{6306A210-1F05-4FB2-BFB4-21E5CF52A949}"
EndProject
Global
	GlobalSection(SolutionConfigurationPlatforms) = preSolution
		Debug|Any CPU = Debug|Any CPU
		Release|Any CPU = Release|Any CPU
	EndGlobalSection
	GlobalSection(ProjectConfigurationPlatforms) = postSolution
		{6306A210-1F05-4FB2-BFB4-21E5CF52A949}.Debug|Any CPU.ActiveCfg = Debug|Any CPU
		{6306A210-1F05-4FB2-BFB4-21E5CF52A949}.Debug|Any CPU.Build.0 = Debug|Any CPU
		{6306A210-1F05-4FB2-BFB4-21E5CF52A949}.Release|Any CPU.ActiveCfg = Release|Any CPU
		{6306A210-1F05-4FB2-BFB4-21E5CF52A949}.Release|Any CPU.Build.0 = Release|Any CPU
	EndGlobalSection
	GlobalSection(SolutionProperties) = preSolution
		HideSolutionNode = FALSE
	EndGlobalSection
	GlobalSection(ExtensibilityGlobals) = postSolution
		SolutionGuid = {ED6D09B5-D5D1-4433-89C7-0C289141C3C5}
	EndGlobalSection
EndGlobal
